{
  "originHash" : "97f36ef1358cefb4101c546bf75173610e4e9faf5324fe648f4dcb483edf1a87",
  "pins" : [
    {
      "identity" : "swift-mini-redux",
      "kind" : "remoteSourceControl",
      "location" : "https://github.com/ba01ei/swift-mini-redux",
      "state" : {
        "revision" : "442587c241ab97e66ffcd705f5825686aee7ab60",
        "version" : "0.2.13"
      }
    }
  ],
  "version" : 3
}
